{
  "projects": [
    {
      "projectId": "caTPwKxj5ZrD9LQ7DMdK4Z",
      "version": "3.23.0",
      "dependencies": {},
      "lang": "ts",
      "fileLocks": [
        {
          "assetId": "caTPwKxj5ZrD9LQ7DMdK4Z",
          "type": "projectCss",
          "checksum": "e1ec850476829c38b0f9b6d4f7ac446a"
        }
      ],
      "codegenVersion": "0.0.1"
    },
    {
      "projectId": "7nJ7UcFmq9UzB6eXfC5z4a",
      "version": "0.20.0",
      "dependencies": {},
      "lang": "ts",
      "fileLocks": [
        {
          "assetId": "7nJ7UcFmq9UzB6eXfC5z4a",
          "type": "projectCss",
          "checksum": "05587b57f22f0ec8bb54543deb39762e"
        }
      ],
      "codegenVersion": "0.0.1"
    },
    {
      "projectId": "ohDidvG9XsCeFumugENU3J",
      "version": "4.14.0",
      "dependencies": {},
      "lang": "ts",
      "fileLocks": [
        {
          "assetId": "ohDidvG9XsCeFumugENU3J",
          "type": "projectCss",
          "checksum": "fd83b730367fdbde2c69bc6cf31c2a3c"
        },
        {
          "assetId": "ohDidvG9XsCeFumugENU3J",
          "checksum": "0293af0adadc2d03e8760ddd1ad5d3a9",
          "type": "globalContexts"
        }
      ],
      "codegenVersion": "0.0.1"
    },
    {
      "projectId": "sFqKXDN8rHnCDU91Y9JUYu",
      "version": "latest",
      "dependencies": {
        "ohDidvG9XsCeFumugENU3J": "4.14.0",
        "7nJ7UcFmq9UzB6eXfC5z4a": "0.20.0",
        "caTPwKxj5ZrD9LQ7DMdK4Z": "3.23.0"
      },
      "lang": "ts",
      "fileLocks": [
        {
          "type": "globalVariant",
          "assetId": "WJYMDpmg8bQ",
          "checksum": "a06d72911bde878b8cf8626a10514dd3"
        },
        {
          "assetId": "sFqKXDN8rHnCDU91Y9JUYu",
          "type": "projectCss",
          "checksum": "30dda8d94c46b57abe1e492e934770b7"
        },
        {
          "assetId": "sFqKXDN8rHnCDU91Y9JUYu",
          "checksum": "6df8541bac494fa42de35d2da5e20663",
          "type": "globalContexts"
        },
        {
          "type": "renderModule",
          "assetId": "X48cJgHH48y",
          "checksum": "38dfa33c4a5d6b2d991205465190014e"
        },
        {
          "type": "cssRules",
          "assetId": "X48cJgHH48y",
          "checksum": "38dfa33c4a5d6b2d991205465190014e"
        },
        {
          "type": "renderModule",
          "assetId": "xiHcz424ku6",
          "checksum": "0652f1aba8a77deeea70cc1db28d5c63"
        },
        {
          "type": "cssRules",
          "assetId": "xiHcz424ku6",
          "checksum": "0652f1aba8a77deeea70cc1db28d5c63"
        },
        {
          "type": "renderModule",
          "assetId": "k4Jo9vYYOfaB",
          "checksum": "ae0c184bfd41e4d27bf9201bee5924c6"
        },
        {
          "type": "cssRules",
          "assetId": "k4Jo9vYYOfaB",
          "checksum": "ae0c184bfd41e4d27bf9201bee5924c6"
        },
        {
          "type": "renderModule",
          "assetId": "wTnQKvx7xtRe",
          "checksum": "168ffc956452fbe76fb52b88f59e09b2"
        },
        {
          "type": "cssRules",
          "assetId": "wTnQKvx7xtRe",
          "checksum": "168ffc956452fbe76fb52b88f59e09b2"
        },
        {
          "type": "renderModule",
          "assetId": "SfWv_--dQ9Pb",
          "checksum": "b7ba00e92b9c775d518d3a926a4f26eb"
        },
        {
          "type": "cssRules",
          "assetId": "SfWv_--dQ9Pb",
          "checksum": "b7ba00e92b9c775d518d3a926a4f26eb"
        },
        {
          "type": "renderModule",
          "assetId": "ArQrHzR6rD-y",
          "checksum": "3c868e92bc568128e547a3944eb9951b"
        },
        {
          "type": "cssRules",
          "assetId": "ArQrHzR6rD-y",
          "checksum": "3c868e92bc568128e547a3944eb9951b"
        },
        {
          "type": "renderModule",
          "assetId": "irj0wRv4NhUG",
          "checksum": "b4fe7e3ba7ce8ec884b889613563a095"
        },
        {
          "type": "cssRules",
          "assetId": "irj0wRv4NhUG",
          "checksum": "b4fe7e3ba7ce8ec884b889613563a095"
        },
        {
          "type": "renderModule",
          "assetId": "2S-DfRS0Ri3G",
          "checksum": "a57c96bcfb30425bacb7087c1c4479d5"
        },
        {
          "type": "cssRules",
          "assetId": "2S-DfRS0Ri3G",
          "checksum": "a57c96bcfb30425bacb7087c1c4479d5"
        },
        {
          "type": "renderModule",
          "assetId": "txvwGAyHWOKz",
          "checksum": "8645622c8b4a2b044742f58a8a8917a6"
        },
        {
          "type": "cssRules",
          "assetId": "txvwGAyHWOKz",
          "checksum": "8645622c8b4a2b044742f58a8a8917a6"
        },
        {
          "type": "renderModule",
          "assetId": "cKtNscfl8RsZ",
          "checksum": "068a314c05a280e084c1f1748a921020"
        },
        {
          "type": "cssRules",
          "assetId": "cKtNscfl8RsZ",
          "checksum": "068a314c05a280e084c1f1748a921020"
        },
        {
          "type": "renderModule",
          "assetId": "AICSkwUkXJt3",
          "checksum": "a89fe254a1c9687d3361cca6020c23bc"
        },
        {
          "type": "cssRules",
          "assetId": "AICSkwUkXJt3",
          "checksum": "a89fe254a1c9687d3361cca6020c23bc"
        },
        {
          "type": "renderModule",
          "assetId": "5t5QAcCT3loC",
          "checksum": "8bbc57ed75f2d767a5aefc746ed91f8c"
        },
        {
          "type": "cssRules",
          "assetId": "5t5QAcCT3loC",
          "checksum": "8bbc57ed75f2d767a5aefc746ed91f8c"
        },
        {
          "type": "renderModule",
          "assetId": "cI-UCGUt-dL5",
          "checksum": "e828ddab21f7d983decc11003decde85"
        },
        {
          "type": "cssRules",
          "assetId": "cI-UCGUt-dL5",
          "checksum": "e828ddab21f7d983decc11003decde85"
        },
        {
          "type": "renderModule",
          "assetId": "vCCfpRKdAe6W",
          "checksum": "4e635a4768c036ec1a52da67a41cb7a4"
        },
        {
          "type": "cssRules",
          "assetId": "vCCfpRKdAe6W",
          "checksum": "4e635a4768c036ec1a52da67a41cb7a4"
        },
        {
          "type": "renderModule",
          "assetId": "sZ3gbPrkMb8I",
          "checksum": "4d969f4049c5714eabf4e2a91a5af441"
        },
        {
          "type": "cssRules",
          "assetId": "sZ3gbPrkMb8I",
          "checksum": "4d969f4049c5714eabf4e2a91a5af441"
        },
        {
          "type": "renderModule",
          "assetId": "HqWYsESv6MQh",
          "checksum": "1c8b717731e93293ea498cdc5f9251b3"
        },
        {
          "type": "cssRules",
          "assetId": "HqWYsESv6MQh",
          "checksum": "1c8b717731e93293ea498cdc5f9251b3"
        },
        {
          "type": "renderModule",
          "assetId": "CYtkN2cBIEDO",
          "checksum": "1e46256ccea4334b36f439d38577f292"
        },
        {
          "type": "cssRules",
          "assetId": "CYtkN2cBIEDO",
          "checksum": "1e46256ccea4334b36f439d38577f292"
        },
        {
          "type": "renderModule",
          "assetId": "K_DUTaHm66TF",
          "checksum": "175214a044f92dde8b33511cdc325aa8"
        },
        {
          "type": "cssRules",
          "assetId": "K_DUTaHm66TF",
          "checksum": "175214a044f92dde8b33511cdc325aa8"
        },
        {
          "type": "renderModule",
          "assetId": "RRFlIorcnfB_",
          "checksum": "c8285825eae2cc80e461d0cc98b033d2"
        },
        {
          "type": "cssRules",
          "assetId": "RRFlIorcnfB_",
          "checksum": "c8285825eae2cc80e461d0cc98b033d2"
        },
        {
          "type": "renderModule",
          "assetId": "8p_4NvAXmxVJ",
          "checksum": "f422b0ca8f34adb67f16ebe6aaa05415"
        },
        {
          "type": "cssRules",
          "assetId": "8p_4NvAXmxVJ",
          "checksum": "f422b0ca8f34adb67f16ebe6aaa05415"
        },
        {
          "type": "renderModule",
          "assetId": "uF1kSRwdzjAb",
          "checksum": "65bbb101e8d2e073d83fb0215d805186"
        },
        {
          "type": "cssRules",
          "assetId": "uF1kSRwdzjAb",
          "checksum": "65bbb101e8d2e073d83fb0215d805186"
        },
        {
          "type": "renderModule",
          "assetId": "pFW8f1wCp2vn",
          "checksum": "c6a0827928099fd6e4dca7bf8486c097"
        },
        {
          "type": "cssRules",
          "assetId": "pFW8f1wCp2vn",
          "checksum": "c6a0827928099fd6e4dca7bf8486c097"
        },
        {
          "type": "renderModule",
          "assetId": "eElla8BSTIjZ",
          "checksum": "5a3c66e5f2b75aa73185b07196390c29"
        },
        {
          "type": "cssRules",
          "assetId": "eElla8BSTIjZ",
          "checksum": "5a3c66e5f2b75aa73185b07196390c29"
        },
        {
          "type": "renderModule",
          "assetId": "mAetA7ickSj4",
          "checksum": "41e89aaa71127acf554282fb9a985859"
        },
        {
          "type": "cssRules",
          "assetId": "mAetA7ickSj4",
          "checksum": "41e89aaa71127acf554282fb9a985859"
        },
        {
          "type": "renderModule",
          "assetId": "R6gMo0vdSGCU",
          "checksum": "1701e2ac0157bc45a44cfedd539a5a84"
        },
        {
          "type": "cssRules",
          "assetId": "R6gMo0vdSGCU",
          "checksum": "1701e2ac0157bc45a44cfedd539a5a84"
        },
        {
          "type": "renderModule",
          "assetId": "pgGkyFmZe3k7",
          "checksum": "a287f3820c055ceda86f69aab439442b"
        },
        {
          "type": "cssRules",
          "assetId": "pgGkyFmZe3k7",
          "checksum": "a287f3820c055ceda86f69aab439442b"
        },
        {
          "type": "renderModule",
          "assetId": "6mO-YzPwqb-d",
          "checksum": "31e7a2156b392046aa5879c4509a15e7"
        },
        {
          "type": "cssRules",
          "assetId": "6mO-YzPwqb-d",
          "checksum": "31e7a2156b392046aa5879c4509a15e7"
        },
        {
          "type": "renderModule",
          "assetId": "2sweiwlaoYgh",
          "checksum": "545761c39ac2da92f8f475ded0b1dce3"
        },
        {
          "type": "cssRules",
          "assetId": "2sweiwlaoYgh",
          "checksum": "545761c39ac2da92f8f475ded0b1dce3"
        },
        {
          "type": "renderModule",
          "assetId": "Sl58UbzqihgE",
          "checksum": "598f0107297f2af7760950180416af36"
        },
        {
          "type": "cssRules",
          "assetId": "Sl58UbzqihgE",
          "checksum": "598f0107297f2af7760950180416af36"
        },
        {
          "type": "renderModule",
          "assetId": "5NQDrFliC8CX",
          "checksum": "e6106dc7df8121d8ea809910c620af2f"
        },
        {
          "type": "cssRules",
          "assetId": "5NQDrFliC8CX",
          "checksum": "e6106dc7df8121d8ea809910c620af2f"
        },
        {
          "type": "renderModule",
          "assetId": "9Xt3tSsiOwrX",
          "checksum": "7403588c998101b3a98eb37f076014e3"
        },
        {
          "type": "cssRules",
          "assetId": "9Xt3tSsiOwrX",
          "checksum": "7403588c998101b3a98eb37f076014e3"
        },
        {
          "type": "renderModule",
          "assetId": "uTgmpuxKs5v_",
          "checksum": "fa85887f8201dd3cf2245812867d8374"
        },
        {
          "type": "cssRules",
          "assetId": "uTgmpuxKs5v_",
          "checksum": "fa85887f8201dd3cf2245812867d8374"
        },
        {
          "type": "renderModule",
          "assetId": "1D1vYwMlm3FT",
          "checksum": "d8ef50b0fa8ec194c54c7023b93b6d6e"
        },
        {
          "type": "cssRules",
          "assetId": "1D1vYwMlm3FT",
          "checksum": "d8ef50b0fa8ec194c54c7023b93b6d6e"
        },
        {
          "type": "renderModule",
          "assetId": "1GlNaZ2SY0FO",
          "checksum": "74790e51405f0c1c4ba69d3c1050f822"
        },
        {
          "type": "cssRules",
          "assetId": "1GlNaZ2SY0FO",
          "checksum": "74790e51405f0c1c4ba69d3c1050f822"
        },
        {
          "type": "renderModule",
          "assetId": "tS4Sphrlh0qf",
          "checksum": "6fb79549802d9f317061c3a67f817f07"
        },
        {
          "type": "cssRules",
          "assetId": "tS4Sphrlh0qf",
          "checksum": "6fb79549802d9f317061c3a67f817f07"
        },
        {
          "type": "icon",
          "assetId": "e58rgm-WFTW",
          "checksum": "bc18e167f9c5a33fe9ccf991658ed289"
        },
        {
          "type": "icon",
          "assetId": "iECEl4Bsrc_",
          "checksum": "557db15f5e1e04c6e43bed071900fea0"
        },
        {
          "type": "icon",
          "assetId": "3YhN0cO8U6",
          "checksum": "6acf5733de457e65f19921aa32fc06da"
        },
        {
          "type": "icon",
          "assetId": "QlZbFc2d49",
          "checksum": "b8c0c439c1c6fe71c6f4387da2baeb8e"
        },
        {
          "type": "icon",
          "assetId": "YlVgqKs-x",
          "checksum": "bdfab3cd6933b31e92d830da1366d15d"
        },
        {
          "type": "icon",
          "assetId": "gLkfnOeDF",
          "checksum": "928144c12ef13cc7887de2fb70adc27c"
        },
        {
          "type": "icon",
          "assetId": "D2cypsO29_Z",
          "checksum": "538521de1b4e9edb4981ed435e5b5ac8"
        },
        {
          "type": "icon",
          "assetId": "ha2_6bGNVEft",
          "checksum": "8a72b8b1cdb59a81d288c6c1ba4877f2"
        },
        {
          "type": "icon",
          "assetId": "sfSfuoLNNg34",
          "checksum": "18c6b9b4833fcf4483febfde4964d677"
        },
        {
          "type": "icon",
          "assetId": "DGfeCqjnDno0",
          "checksum": "51ab137c4ee775ac684dc4bfff482acd"
        },
        {
          "type": "icon",
          "assetId": "c0IAv_uoKt-F",
          "checksum": "c862b4da5a672e61bcbc828ee6b7768e"
        },
        {
          "type": "icon",
          "assetId": "dOnxUFGxu7Qr",
          "checksum": "b4b9ce2e998746deb1f9b90240290487"
        },
        {
          "type": "icon",
          "assetId": "jZ7iX4rLTSiw",
          "checksum": "1aa423ecda3faa37ba24cd9e37bfdd55"
        },
        {
          "type": "icon",
          "assetId": "5J6CDfNce4vO",
          "checksum": "3c6c0ad8c6a5d76359cfd9d9505d5604"
        },
        {
          "type": "icon",
          "assetId": "0euhnWJje1jg",
          "checksum": "b0ea3deb857f1acbf268f728d068dfc6"
        },
        {
          "type": "icon",
          "assetId": "1w4Gi4VeEeur",
          "checksum": "ea181d7f0aed496cd53b42ec7413aa61"
        },
        {
          "type": "icon",
          "assetId": "VXBKbs3lVlr6",
          "checksum": "fc2cfdfb46e1477b782d423d7a4517a6"
        },
        {
          "type": "icon",
          "assetId": "fEosgQYOofiK",
          "checksum": "1e9e2b419e45b633943855973210a080"
        },
        {
          "type": "icon",
          "assetId": "XNSObMs5ppki",
          "checksum": "9d711d44d7456e55f6f5f6ec5b212fda"
        },
        {
          "type": "icon",
          "assetId": "eeRUdt8FVI5x",
          "checksum": "02e87671973f3a0ebb12752ac6f44b92"
        },
        {
          "type": "icon",
          "assetId": "UpQV59XvixFf",
          "checksum": "c09e1902cec6b50c6f1814e882aedc8b"
        },
        {
          "type": "icon",
          "assetId": "j7u7kYcGFGCX",
          "checksum": "807594be13c9b5eea5a8d6c87bf031ab"
        },
        {
          "type": "icon",
          "assetId": "uC8bBJhPRpth",
          "checksum": "dc5a84978f3c7333f9f39636a2969a18"
        },
        {
          "type": "icon",
          "assetId": "HLcHD8nfB82j",
          "checksum": "7a54a43d4a4f99f5dd2a773df14e1d92"
        },
        {
          "type": "icon",
          "assetId": "ZRNzZKu48IRp",
          "checksum": "cacf93b60f37fbd3a7624c4136954f26"
        },
        {
          "type": "icon",
          "assetId": "RTnV2HOoZ-xo",
          "checksum": "395d156fdd93e25c568b020df9d65022"
        },
        {
          "type": "icon",
          "assetId": "7OC1lMgTs8WC",
          "checksum": "cf5ec6913a32e9eb55192006eac3fd2e"
        },
        {
          "type": "icon",
          "assetId": "G9EVIW-dwiGA",
          "checksum": "8505abf3a0bf09157e27ed146259c238"
        },
        {
          "type": "icon",
          "assetId": "9ESfOEFv8w28",
          "checksum": "111859f75436f323a61ba546ab97b036"
        },
        {
          "type": "image",
          "assetId": "eYa95U10f",
          "checksum": "b0e9716e25501a0850001955471d5fb7"
        },
        {
          "type": "image",
          "assetId": "LqSGSQaKL",
          "checksum": "3f41d30e52a5f6db41d5065f7b7e7398"
        },
        {
          "type": "image",
          "assetId": "nCCVP3qRRRlM",
          "checksum": "5f83e9388d44737a83e4237cda608518"
        },
        {
          "type": "image",
          "assetId": "pMzniX6ERltK",
          "checksum": "74719e48327af23be4fe50b932934097"
        },
        {
          "type": "image",
          "assetId": "3jVON9rfkWMT",
          "checksum": "1e447385aa53f20876f9e47af2d4b322"
        },
        {
          "type": "image",
          "assetId": "v-vw856O_yVY",
          "checksum": "8ad3f39a666d7f7e7219aef29cbd067f"
        },
        {
          "type": "image",
          "assetId": "JHWYOP56z2OB",
          "checksum": "cbc39f3c45c228aa3449eb59fcb37213"
        },
        {
          "type": "image",
          "assetId": "Phf_ipd8m5Pt",
          "checksum": "a0548415b4d0bb0865fb2ef2b2b33bca"
        },
        {
          "type": "image",
          "assetId": "9xB3K7NzpZf-",
          "checksum": "c0d32f62e243958cd36c4e7fe359fbd0"
        },
        {
          "type": "image",
          "assetId": "KjrhSqpNsEXB",
          "checksum": "0de4ccc6500abb6a43255e225f0b0151"
        },
        {
          "type": "image",
          "assetId": "wBs7jRBab3Rl",
          "checksum": "ea9d3dc1ea756a6f76b3a38ec97767cd"
        },
        {
          "type": "image",
          "assetId": "P-si3dlCOzLX",
          "checksum": "ee541a00e5969389c885684dc1f014c7"
        },
        {
          "type": "image",
          "assetId": "l97M8VixF0yx",
          "checksum": "57f3e4c80a510eb09cb7db8716899104"
        },
        {
          "type": "image",
          "assetId": "5Q6N4a0GULuj",
          "checksum": "0eae3c84a825d4e6202301df23d51fd8"
        },
        {
          "type": "image",
          "assetId": "A7GMKFbyeM1I",
          "checksum": "716a055a6e4e2ec23b3cafa5b2db38ac"
        },
        {
          "type": "image",
          "assetId": "ULtwuRe5zJv4",
          "checksum": "377053c32fd1e588a97bc0189cfacd12"
        },
        {
          "type": "image",
          "assetId": "VN3z_1Plj0iq",
          "checksum": "730df5fa1560d07d000871acbbb53f67"
        },
        {
          "type": "image",
          "assetId": "evgXDtaeByp5",
          "checksum": "6c3af9b995992fff0841149d386aa1a5"
        },
        {
          "type": "image",
          "assetId": "FB5ak8xk_xxw",
          "checksum": "fe43d2b6880fe72378c799a2aed883db"
        },
        {
          "type": "image",
          "assetId": "cxHHEk0GYmVB",
          "checksum": "9cdbb518727f93e891244203890828a3"
        },
        {
          "type": "image",
          "assetId": "weC6ianfEvdc",
          "checksum": "c378d6e503ae47ead491dbeb5420e1ca"
        },
        {
          "type": "image",
          "assetId": "35g2t-t1Aqh3",
          "checksum": "7c1cbd0fb4b0506f5e4e0cee08be20a4"
        },
        {
          "type": "image",
          "assetId": "5yCJQbWdI-TZ",
          "checksum": "21b2f7a342d8c5d6cfc5b3bf243f47e3"
        },
        {
          "type": "image",
          "assetId": "IWUFxMd6Iuq6",
          "checksum": "6d9caf67b2dc80f8bd353ca0227b06f9"
        },
        {
          "type": "image",
          "assetId": "ZGkG4170jUla",
          "checksum": "570954e4518d10ab35258771d3cd989c"
        },
        {
          "type": "image",
          "assetId": "L2tVDD8wOqyF",
          "checksum": "2b0c30860b02072bc8e71bc3481ee4d2"
        },
        {
          "type": "image",
          "assetId": "PDkPh4jMZhV4",
          "checksum": "714f9c1698d6eaebb3b3af7cf99e6d4d"
        },
        {
          "type": "image",
          "assetId": "GtQUFqL6pGu0",
          "checksum": "ae577b80f4e53ea90ae33ecd18b709c3"
        }
      ],
      "codegenVersion": "0.0.1"
    }
  ],
  "cliVersion": "0.1.308"
}
